// !$*UTF8*$!
{
	archiveVersion = 1;
	classes = {
	};
	objectVersion = 50;
	objects = {

/* Begin PBXBuildFile section */
		52F9C62E21011F900093E692 /* VirtualTourist.xcdatamodeld in Sources */ = {isa = PBXBuildFile; fileRef = 52F9C62C21011F900093E692 /* VirtualTourist.xcdatamodeld */; };
		5D176D0720F3EF530056C5F2 /* Main.storyboard in Resources */ = {isa = PBXBuildFile; fileRef = 5D176D0620F3EF530056C5F2 /* Main.storyboard */; };
		5D2518BF20F58CCA0078977E /* CollectionViewController.swift in Sources */ = {isa = PBXBuildFile; fileRef = 5D2518BE20F58CCA0078977E /* CollectionViewController.swift */; };
		5D48FFAA20F001D500838528 /* AppDelegate.swift in Sources */ = {isa = PBXBuildFile; fileRef = 5D48FFA920F001D500838528 /* AppDelegate.swift */; };
		5D48FFAC20F001D500838528 /* MapViewController.swift in Sources */ = {isa = PBXBuildFile; fileRef = 5D48FFAB20F001D500838528 /* MapViewController.swift */; };
		5D48FFB420F001D700838528 /* Assets.xcassets in Resources */ = {isa = PBXBuildFile; fileRef = 5D48FFB320F001D700838528 /* Assets.xcassets */; };
		5D48FFB720F001D700838528 /* LaunchScreen.storyboard in Resources */ = {isa = PBXBuildFile; fileRef = 5D48FFB520F001D700838528 /* LaunchScreen.storyboard */; };
		5DE7288020F6434B00B6FF6A /* FlickrClient.swift in Sources */ = {isa = PBXBuildFile; fileRef = 5DE7287F20F6434B00B6FF6A /* FlickrClient.swift */; };
		A877AFAE20FD07240081198C /* DataController.swift in Sources */ = {isa = PBXBuildFile; fileRef = A877AFAD20FD07240081198C /* DataController.swift */; };
		A8DE4B26210265A900035D6A /* Manipulating Pins.swift in Sources */ = {isa = PBXBuildFile; fileRef = A8DE4B25210265A900035D6A /* Manipulating Pins.swift */; };
		A8DE4B28210266DE00035D6A /* Setup MapView Fetch Requests.swift in Sources */ = {isa = PBXBuildFile; fileRef = A8DE4B27210266DE00035D6A /* Setup MapView Fetch Requests.swift */; };
		A8DE4B2A2102677400035D6A /* MapView Delegate Methods.swift in Sources */ = {isa = PBXBuildFile; fileRef = A8DE4B292102677400035D6A /* MapView Delegate Methods.swift */; };
		A8DE4B2E21026A7700035D6A /* Mapview UI Updates.swift in Sources */ = {isa = PBXBuildFile; fileRef = A8DE4B2D21026A7700035D6A /* Mapview UI Updates.swift */; };
		A8DE4B312102802900035D6A /* ImageCollectionViewCell.swift in Sources */ = {isa = PBXBuildFile; fileRef = A8DE4B302102802900035D6A /* ImageCollectionViewCell.swift */; };
		A8DE4B332102864000035D6A /* CollectionView Delegate Methods.swift in Sources */ = {isa = PBXBuildFile; fileRef = A8DE4B322102864000035D6A /* CollectionView Delegate Methods.swift */; };
		A8DE4B352102910500035D6A /* Manipulating Photos.swift in Sources */ = {isa = PBXBuildFile; fileRef = A8DE4B342102910500035D6A /* Manipulating Photos.swift */; };
/* End PBXBuildFile section */

/* Begin PBXFileReference section */
		52F9C62D21011F900093E692 /* VirtualTourist.xcdatamodel */ = {isa = PBXFileReference; lastKnownFileType = wrapper.xcdatamodel; path = VirtualTourist.xcdatamodel; sourceTree = "<group>"; };
		5D176D0620F3EF530056C5F2 /* Main.storyboard */ = {isa = PBXFileReference; lastKnownFileType = file.storyboard; path = Main.storyboard; sourceTree = "<group>"; };
		5D2518BE20F58CCA0078977E /* CollectionViewController.swift */ = {isa = PBXFileReference; lastKnownFileType = sourcecode.swift; path = CollectionViewController.swift; sourceTree = "<group>"; };
		5D48FFA620F001D500838528 /* VirtualTourist.app */ = {isa = PBXFileReference; explicitFileType = wrapper.application; includeInIndex = 0; path = VirtualTourist.app; sourceTree = BUILT_PRODUCTS_DIR; };
		5D48FFA920F001D500838528 /* AppDelegate.swift */ = {isa = PBXFileReference; lastKnownFileType = sourcecode.swift; path = AppDelegate.swift; sourceTree = "<group>"; };
		5D48FFAB20F001D500838528 /* MapViewController.swift */ = {isa = PBXFileReference; lastKnownFileType = sourcecode.swift; path = MapViewController.swift; sourceTree = "<group>"; };
		5D48FFB320F001D700838528 /* Assets.xcassets */ = {isa = PBXFileReference; lastKnownFileType = folder.assetcatalog; path = Assets.xcassets; sourceTree = "<group>"; };
		5D48FFB620F001D700838528 /* Base */ = {isa = PBXFileReference; lastKnownFileType = file.storyboard; name = Base; path = Base.lproj/LaunchScreen.storyboard; sourceTree = "<group>"; };
		5D48FFB820F001D700838528 /* Info.plist */ = {isa = PBXFileReference; lastKnownFileType = text.plist.xml; path = Info.plist; sourceTree = "<group>"; };
		5DE7287F20F6434B00B6FF6A /* FlickrClient.swift */ = {isa = PBXFileReference; lastKnownFileType = sourcecode.swift; path = FlickrClient.swift; sourceTree = "<group>"; };
		A877AFAD20FD07240081198C /* DataController.swift */ = {isa = PBXFileReference; lastKnownFileType = sourcecode.swift; path = DataController.swift; sourceTree = "<group>"; };
		A8DE4B25210265A900035D6A /* Manipulating Pins.swift */ = {isa = PBXFileReference; lastKnownFileType = sourcecode.swift; path = "Manipulating Pins.swift"; sourceTree = "<group>"; };
		A8DE4B27210266DE00035D6A /* Setup MapView Fetch Requests.swift */ = {isa = PBXFileReference; lastKnownFileType = sourcecode.swift; path = "Setup MapView Fetch Requests.swift"; sourceTree = "<group>"; };
		A8DE4B292102677400035D6A /* MapView Delegate Methods.swift */ = {isa = PBXFileReference; lastKnownFileType = sourcecode.swift; path = "MapView Delegate Methods.swift"; sourceTree = "<group>"; };
		A8DE4B2D21026A7700035D6A /* Mapview UI Updates.swift */ = {isa = PBXFileReference; lastKnownFileType = sourcecode.swift; path = "Mapview UI Updates.swift"; sourceTree = "<group>"; };
		A8DE4B302102802900035D6A /* ImageCollectionViewCell.swift */ = {isa = PBXFileReference; lastKnownFileType = sourcecode.swift; path = ImageCollectionViewCell.swift; sourceTree = "<group>"; };
		A8DE4B322102864000035D6A /* CollectionView Delegate Methods.swift */ = {isa = PBXFileReference; lastKnownFileType = sourcecode.swift; path = "CollectionView Delegate Methods.swift"; sourceTree = "<group>"; };
		A8DE4B342102910500035D6A /* Manipulating Photos.swift */ = {isa = PBXFileReference; lastKnownFileType = sourcecode.swift; path = "Manipulating Photos.swift"; sourceTree = "<group>"; };
/* End PBXFileReference section */

/* Begin PBXFrameworksBuildPhase section */
		5D48FFA320F001D500838528 /* Frameworks */ = {
			isa = PBXFrameworksBuildPhase;
			buildActionMask = 2147483647;
			files = (
			);
			runOnlyForDeploymentPostprocessing = 0;
		};
/* End PBXFrameworksBuildPhase section */

/* Begin PBXGroup section */
		5D48FF9D20F001D500838528 = {
			isa = PBXGroup;
			children = (
				5D48FFA820F001D500838528 /* VirtualTourist */,
				5D48FFA720F001D500838528 /* Products */,
			);
			sourceTree = "<group>";
		};
		5D48FFA720F001D500838528 /* Products */ = {
			isa = PBXGroup;
			children = (
				5D48FFA620F001D500838528 /* VirtualTourist.app */,
			);
			name = Products;
			sourceTree = "<group>";
		};
		5D48FFA820F001D500838528 /* VirtualTourist */ = {
			isa = PBXGroup;
			children = (
				A8DE4B2F21026A8A00035D6A /* UI Updates */,
				A8DE4B2C2102689400035D6A /* Delegates */,
				5DE7287E20F642B400B6FF6A /* Flickr Client */,
				5DE7287D20F642A400B6FF6A /* Model */,
				5DE7287C20F6427F00B6FF6A /* View Controllers */,
				5D48FFA920F001D500838528 /* AppDelegate.swift */,
				5D176D0620F3EF530056C5F2 /* Main.storyboard */,
				5D48FFB320F001D700838528 /* Assets.xcassets */,
				5D48FFB520F001D700838528 /* LaunchScreen.storyboard */,
				5D48FFB820F001D700838528 /* Info.plist */,
			);
			path = VirtualTourist;
			sourceTree = "<group>";
		};
		5DE7287C20F6427F00B6FF6A /* View Controllers */ = {
			isa = PBXGroup;
			children = (
				5D2518BE20F58CCA0078977E /* CollectionViewController.swift */,
				5D48FFAB20F001D500838528 /* MapViewController.swift */,
			);
			path = "View Controllers";
			sourceTree = "<group>";
		};
		5DE7287D20F642A400B6FF6A /* Model */ = {
			isa = PBXGroup;
			children = (
				A877AFAD20FD07240081198C /* DataController.swift */,
				52F9C62C21011F900093E692 /* VirtualTourist.xcdatamodeld */,
				A8DE4B302102802900035D6A /* ImageCollectionViewCell.swift */,
				A8DE4B2B2102685B00035D6A /* CoreData */,
			);
			path = Model;
			sourceTree = "<group>";
		};
		5DE7287E20F642B400B6FF6A /* Flickr Client */ = {
			isa = PBXGroup;
			children = (
				5DE7287F20F6434B00B6FF6A /* FlickrClient.swift */,
			);
			path = "Flickr Client";
			sourceTree = "<group>";
		};
		A8DE4B2B2102685B00035D6A /* CoreData */ = {
			isa = PBXGroup;
			children = (
				A8DE4B25210265A900035D6A /* Manipulating Pins.swift */,
				A8DE4B342102910500035D6A /* Manipulating Photos.swift */,
				A8DE4B27210266DE00035D6A /* Setup MapView Fetch Requests.swift */,
			);
			path = CoreData;
			sourceTree = "<group>";
		};
		A8DE4B2C2102689400035D6A /* Delegates */ = {
			isa = PBXGroup;
			children = (
				A8DE4B292102677400035D6A /* MapView Delegate Methods.swift */,
				A8DE4B322102864000035D6A /* CollectionView Delegate Methods.swift */,
			);
			path = Delegates;
			sourceTree = "<group>";
		};
		A8DE4B2F21026A8A00035D6A /* UI Updates */ = {
			isa = PBXGroup;
			children = (
				A8DE4B2D21026A7700035D6A /* Mapview UI Updates.swift */,
			);
			path = "UI Updates";
			sourceTree = "<group>";
		};
/* End PBXGroup section */

/* Begin PBXNativeTarget section */
		5D48FFA520F001D500838528 /* VirtualTourist */ = {
			isa = PBXNativeTarget;
			buildConfigurationList = 5D48FFBB20F001D700838528 /* Build configuration list for PBXNativeTarget "VirtualTourist" */;
			buildPhases = (
				5D48FFA220F001D500838528 /* Sources */,
				5D48FFA320F001D500838528 /* Frameworks */,
				5D48FFA420F001D500838528 /* Resources */,
			);
			buildRules = (
			);
			dependencies = (
			);
			name = VirtualTourist;
			productName = VirtualTourist;
			productReference = 5D48FFA620F001D500838528 /* VirtualTourist.app */;
			productType = "com.apple.product-type.application";
		};
/* End PBXNativeTarget section */

/* Begin PBXProject section */
		5D48FF9E20F001D500838528 /* Project object */ = {
			isa = PBXProject;
			attributes = {
				LastSwiftUpdateCheck = 0940;
				LastUpgradeCheck = 0940;
				ORGANIZATIONNAME = "Katie Fandrey";
				TargetAttributes = {
					5D48FFA520F001D500838528 = {
						CreatedOnToolsVersion = 9.4.1;
					};
				};
			};
			buildConfigurationList = 5D48FFA120F001D500838528 /* Build configuration list for PBXProject "VirtualTourist" */;
			compatibilityVersion = "Xcode 9.3";
			developmentRegion = en;
			hasScannedForEncodings = 0;
			knownRegions = (
				en,
				Base,
			);
			mainGroup = 5D48FF9D20F001D500838528;
			productRefGroup = 5D48FFA720F001D500838528 /* Products */;
			projectDirPath = "";
			projectRoot = "";
			targets = (
				5D48FFA520F001D500838528 /* VirtualTourist */,
			);
		};
/* End PBXProject section */

/* Begin PBXResourcesBuildPhase section */
		5D48FFA420F001D500838528 /* Resources */ = {
			isa = PBXResourcesBuildPhase;
			buildActionMask = 2147483647;
			files = (
				5D176D0720F3EF530056C5F2 /* Main.storyboard in Resources */,
				5D48FFB720F001D700838528 /* LaunchScreen.storyboard in Resources */,
				5D48FFB420F001D700838528 /* Assets.xcassets in Resources */,
			);
			runOnlyForDeploymentPostprocessing = 0;
		};
/* End PBXResourcesBuildPhase section */

/* Begin PBXSourcesBuildPhase section */
		5D48FFA220F001D500838528 /* Sources */ = {
			isa = PBXSourcesBuildPhase;
			buildActionMask = 2147483647;
			files = (
				52F9C62E21011F900093E692 /* VirtualTourist.xcdatamodeld in Sources */,
				A8DE4B26210265A900035D6A /* Manipulating Pins.swift in Sources */,
				A8DE4B2A2102677400035D6A /* MapView Delegate Methods.swift in Sources */,
				A8DE4B28210266DE00035D6A /* Setup MapView Fetch Requests.swift in Sources */,
				5D2518BF20F58CCA0078977E /* CollectionViewController.swift in Sources */,
				A8DE4B312102802900035D6A /* ImageCollectionViewCell.swift in Sources */,
				A8DE4B2E21026A7700035D6A /* Mapview UI Updates.swift in Sources */,
				A8DE4B352102910500035D6A /* Manipulating Photos.swift in Sources */,
				5DE7288020F6434B00B6FF6A /* FlickrClient.swift in Sources */,
				5D48FFAC20F001D500838528 /* MapViewController.swift in Sources */,
				A8DE4B332102864000035D6A /* CollectionView Delegate Methods.swift in Sources */,
				A877AFAE20FD07240081198C /* DataController.swift in Sources */,
				5D48FFAA20F001D500838528 /* AppDelegate.swift in Sources */,
			);
			runOnlyForDeploymentPostprocessing = 0;
		};
/* End PBXSourcesBuildPhase section */

/* Begin PBXVariantGroup section */
		5D48FFB520F001D700838528 /* LaunchScreen.storyboard */ = {
			isa = PBXVariantGroup;
			children = (
				5D48FFB620F001D700838528 /* Base */,
			);
			name = LaunchScreen.storyboard;
			sourceTree = "<group>";
		};
/* End PBXVariantGroup section */

/* Begin XCBuildConfiguration section */
		5D48FFB920F001D700838528 /* Debug */ = {
			isa = XCBuildConfiguration;
			buildSettings = {
				ALWAYS_SEARCH_USER_PATHS = NO;
				CLANG_ANALYZER_NONNULL = YES;
				CLANG_ANALYZER_NUMBER_OBJECT_CONVERSION = YES_AGGRESSIVE;
				CLANG_CXX_LANGUAGE_STANDARD = "gnu++14";
				CLANG_CXX_LIBRARY = "libc++";
				CLANG_ENABLE_MODULES = YES;
				CLANG_ENABLE_OBJC_ARC = YES;
				CLANG_ENABLE_OBJC_WEAK = YES;
				CLANG_WARN_BLOCK_CAPTURE_AUTORELEASING = YES;
				CLANG_WARN_BOOL_CONVERSION = YES;
				CLANG_WARN_COMMA = YES;
				CLANG_WARN_CONSTANT_CONVERSION = YES;
				CLANG_WARN_DEPRECATED_OBJC_IMPLEMENTATIONS = YES;
				CLANG_WARN_DIRECT_OBJC_ISA_USAGE = YES_ERROR;
				CLANG_WARN_DOCUMENTATION_COMMENTS = YES;
				CLANG_WARN_EMPTY_BODY = YES;
				CLANG_WARN_ENUM_CONVERSION = YES;
				CLANG_WARN_INFINITE_RECURSION = YES;
				CLANG_WARN_INT_CONVERSION = YES;
				CLANG_WARN_NON_LITERAL_NULL_CONVERSION = YES;
				CLANG_WARN_OBJC_IMPLICIT_RETAIN_SELF = YES;
				CLANG_WARN_OBJC_LITERAL_CONVERSION = YES;
				CLANG_WARN_OBJC_ROOT_CLASS = YES_ERROR;
				CLANG_WARN_RANGE_LOOP_ANALYSIS = YES;
				CLANG_WARN_STRICT_PROTOTYPES = YES;
				CLANG_WARN_SUSPICIOUS_MOVE = YES;
				CLANG_WARN_UNGUARDED_AVAILABILITY = YES_AGGRESSIVE;
				CLANG_WARN_UNREACHABLE_CODE = YES;
				CLANG_WARN__DUPLICATE_METHOD_MATCH = YES;
				CODE_SIGN_IDENTITY = "iPhone Developer";
				COPY_PHASE_STRIP = NO;
				DEBUG_INFORMATION_FORMAT = dwarf;
				ENABLE_STRICT_OBJC_MSGSEND = YES;
				ENABLE_TESTABILITY = YES;
				GCC_C_LANGUAGE_STANDARD = gnu11;
				GCC_DYNAMIC_NO_PIC = NO;
				GCC_NO_COMMON_BLOCKS = YES;
				GCC_OPTIMIZATION_LEVEL = 0;
				GCC_PREPROCESSOR_DEFINITIONS = (
					"DEBUG=1",
					"$(inherited)",
				);
				GCC_WARN_64_TO_32_BIT_CONVERSION = YES;
				GCC_WARN_ABOUT_RETURN_TYPE = YES_ERROR;
				GCC_WARN_UNDECLARED_SELECTOR = YES;
				GCC_WARN_UNINITIALIZED_AUTOS = YES_AGGRESSIVE;
				GCC_WARN_UNUSED_FUNCTION = YES;
				GCC_WARN_UNUSED_VARIABLE = YES;
				IPHONEOS_DEPLOYMENT_TARGET = 11.4;
				MTL_ENABLE_DEBUG_INFO = YES;
				ONLY_ACTIVE_ARCH = YES;
				SDKROOT = iphoneos;
				SWIFT_ACTIVE_COMPILATION_CONDITIONS = DEBUG;
				SWIFT_OPTIMIZATION_LEVEL = "-Onone";
			};
			name = Debug;
		};
		5D48FFBA20F001D700838528 /* Release */ = {
			isa = XCBuildConfiguration;
			buildSettings = {
				ALWAYS_SEARCH_USER_PATHS = NO;
				CLANG_ANALYZER_NONNULL = YES;
				CLANG_ANALYZER_NUMBER_OBJECT_CONVERSION = YES_AGGRESSIVE;
				CLANG_CXX_LANGUAGE_STANDARD = "gnu++14";
				CLANG_CXX_LIBRARY = "libc++";
				CLANG_ENABLE_MODULES = YES;
				CLANG_ENABLE_OBJC_ARC = YES;
				CLANG_ENABLE_OBJC_WEAK = YES;
				CLANG_WARN_BLOCK_CAPTURE_AUTORELEASING = YES;
				CLANG_WARN_BOOL_CONVERSION = YES;
				CLANG_WARN_COMMA = YES;
				CLANG_WARN_CONSTANT_CONVERSION = YES;
				CLANG_WARN_DEPRECATED_OBJC_IMPLEMENTATIONS = YES;
				CLANG_WARN_DIRECT_OBJC_ISA_USAGE = YES_ERROR;
				CLANG_WARN_DOCUMENTATION_COMMENTS = YES;
				CLANG_WARN_EMPTY_BODY = YES;
				CLANG_WARN_ENUM_CONVERSION = YES;
				CLANG_WARN_INFINITE_RECURSION = YES;
				CLANG_WARN_INT_CONVERSION = YES;
				CLANG_WARN_NON_LITERAL_NULL_CONVERSION = YES;
				CLANG_WARN_OBJC_IMPLICIT_RETAIN_SELF = YES;
				CLANG_WARN_OBJC_LITERAL_CONVERSION = YES;
				CLANG_WARN_OBJC_ROOT_CLASS = YES_ERROR;
				CLANG_WARN_RANGE_LOOP_ANALYSIS = YES;
				CLANG_WARN_STRICT_PROTOTYPES = YES;
				CLANG_WARN_SUSPICIOUS_MOVE = YES;
				CLANG_WARN_UNGUARDED_AVAILABILITY = YES_AGGRESSIVE;
				CLANG_WARN_UNREACHABLE_CODE = YES;
				CLANG_WARN__DUPLICATE_METHOD_MATCH = YES;
				CODE_SIGN_IDENTITY = "iPhone Developer";
				COPY_PHASE_STRIP = NO;
				DEBUG_INFORMATION_FORMAT = "dwarf-with-dsym";
				ENABLE_NS_ASSERTIONS = NO;
				ENABLE_STRICT_OBJC_MSGSEND = YES;
				GCC_C_LANGUAGE_STANDARD = gnu11;
				GCC_NO_COMMON_BLOCKS = YES;
				GCC_WARN_64_TO_32_BIT_CONVERSION = YES;
				GCC_WARN_ABOUT_RETURN_TYPE = YES_ERROR;
				GCC_WARN_UNDECLARED_SELECTOR = YES;
				GCC_WARN_UNINITIALIZED_AUTOS = YES_AGGRESSIVE;
				GCC_WARN_UNUSED_FUNCTION = YES;
				GCC_WARN_UNUSED_VARIABLE = YES;
				IPHONEOS_DEPLOYMENT_TARGET = 11.4;
				MTL_ENABLE_DEBUG_INFO = NO;
				SDKROOT = iphoneos;
				SWIFT_COMPILATION_MODE = wholemodule;
				SWIFT_OPTIMIZATION_LEVEL = "-O";
				VALIDATE_PRODUCT = YES;
			};
			name = Release;
		};
		5D48FFBC20F001D700838528 /* Debug */ = {
			isa = XCBuildConfiguration;
			buildSettings = {
				ASSETCATALOG_COMPILER_APPICON_NAME = AppIcon;
				CODE_SIGN_STYLE = Automatic;
				INFOPLIST_FILE = VirtualTourist/Info.plist;
				LD_RUNPATH_SEARCH_PATHS = (
					"$(inherited)",
					"@executable_path/Frameworks",
				);
				PRODUCT_BUNDLE_IDENTIFIER = learning.VirtualTourist;
				PRODUCT_NAME = "$(TARGET_NAME)";
				SWIFT_VERSION = 4.0;
				TARGETED_DEVICE_FAMILY = "1,2";
			};
			name = Debug;
		};
		5D48FFBD20F001D700838528 /* Release */ = {
			isa = XCBuildConfiguration;
			buildSettings = {
				ASSETCATALOG_COMPILER_APPICON_NAME = AppIcon;
				CODE_SIGN_STYLE = Automatic;
				INFOPLIST_FILE = VirtualTourist/Info.plist;
				LD_RUNPATH_SEARCH_PATHS = (
					"$(inherited)",
					"@executable_path/Frameworks",
				);
				PRODUCT_BUNDLE_IDENTIFIER = learning.VirtualTourist;
				PRODUCT_NAME = "$(TARGET_NAME)";
				SWIFT_VERSION = 4.0;
				TARGETED_DEVICE_FAMILY = "1,2";
			};
			name = Release;
		};
/* End XCBuildConfiguration section */

/* Begin XCConfigurationList section */
		5D48FFA120F001D500838528 /* Build configuration list for PBXProject "VirtualTourist" */ = {
			isa = XCConfigurationList;
			buildConfigurations = (
				5D48FFB920F001D700838528 /* Debug */,
				5D48FFBA20F001D700838528 /* Release */,
			);
			defaultConfigurationIsVisible = 0;
			defaultConfigurationName = Release;
		};
		5D48FFBB20F001D700838528 /* Build configuration list for PBXNativeTarget "VirtualTourist" */ = {
			isa = XCConfigurationList;
			buildConfigurations = (
				5D48FFBC20F001D700838528 /* Debug */,
				5D48FFBD20F001D700838528 /* Release */,
			);
			defaultConfigurationIsVisible = 0;
			defaultConfigurationName = Release;
		};
/* End XCConfigurationList section */

/* Begin XCVersionGroup section */
		52F9C62C21011F900093E692 /* VirtualTourist.xcdatamodeld */ = {
			isa = XCVersionGroup;
			children = (
				52F9C62D21011F900093E692 /* VirtualTourist.xcdatamodel */,
			);
			currentVersion = 52F9C62D21011F900093E692 /* VirtualTourist.xcdatamodel */;
			path = VirtualTourist.xcdatamodeld;
			sourceTree = "<group>";
			versionGroupType = wrapper.xcdatamodel;
		};
/* End XCVersionGroup section */
	};
	rootObject = 5D48FF9E20F001D500838528 /* Project object */;
}
